
Microsoft Visual Studio Solution File, Format Version 12.00
# Visual Studio Version 17
VisualStudioVersion = 17.6.33829.357
MinimumVisualStudioVersion = 10.0.40219.1
Project("{9A19103F-16F7-4668-BE54-9A1E7A4F7556}") = "HTI_Backend", "HTI_Backend\HTI_Backend.csproj", "{A45C556D-FD8C-49E6-BD9C-A8015DF1C84E}"
EndProject
Project("{FAE04EC0-301F-11D3-BF4B-00C04F79EFBC}") = "HTI.Core", "HTI.Core\HTI.Core.csproj", "{91DD33B9-9B7C-4A40-9DF6-874BA23C6DB1}"
EndProject
Project("{FAE04EC0-301F-11D3-BF4B-00C04F79EFBC}") = "HTI.Repository", "HTI.Repository\HTI.Repository.csproj", "{837C3709-84A8-430D-9CC4-1E1AEB3F9351}"
EndProject
Project("{FAE04EC0-301F-11D3-BF4B-00C04F79EFBC}") = "HTI.Service", "HTI.Service\HTI.Service.csproj", "{A73F011F-78A3-451D-A676-44C2791936B9}"
EndProject
Global
	GlobalSection(SolutionConfigurationPlatforms) = preSolution
		Debug|Any CPU = Debug|Any CPU
		Release|Any CPU = Release|Any CPU
	EndGlobalSection
	GlobalSection(ProjectConfigurationPlatforms) = postSolution
		{A45C556D-FD8C-49E6-BD9C-A8015DF1C84E}.Debug|Any CPU.ActiveCfg = Debug|Any CPU
		{A45C556D-FD8C-49E6-BD9C-A8015DF1C84E}.Debug|Any CPU.Build.0 = Debug|Any CPU
		{A45C556D-FD8C-49E6-BD9C-A8015DF1C84E}.Release|Any CPU.ActiveCfg = Release|Any CPU
		{A45C556D-FD8C-49E6-BD9C-A8015DF1C84E}.Release|Any CPU.Build.0 = Release|Any CPU
		{91DD33B9-9B7C-4A40-9DF6-874BA23C6DB1}.Debug|Any CPU.ActiveCfg = Debug|Any CPU
		{91DD33B9-9B7C-4A40-9DF6-874BA23C6DB1}.Debug|Any CPU.Build.0 = Debug|Any CPU
		{91DD33B9-9B7C-4A40-9DF6-874BA23C6DB1}.Release|Any CPU.ActiveCfg = Release|Any CPU
		{91DD33B9-9B7C-4A40-9DF6-874BA23C6DB1}.Release|Any CPU.Build.0 = Release|Any CPU
		{837C3709-84A8-430D-9CC4-1E1AEB3F9351}.Debug|Any CPU.ActiveCfg = Debug|Any CPU
		{837C3709-84A8-430D-9CC4-1E1AEB3F9351}.Debug|Any CPU.Build.0 = Debug|Any CPU
		{837C3709-84A8-430D-9CC4-1E1AEB3F9351}.Release|Any CPU.ActiveCfg = Release|Any CPU
		{837C3709-84A8-430D-9CC4-1E1AEB3F9351}.Release|Any CPU.Build.0 = Release|Any CPU
		{A73F011F-78A3-451D-A676-44C2791936B9}.Debug|Any CPU.ActiveCfg = Debug|Any CPU
		{A73F011F-78A3-451D-A676-44C2791936B9}.Debug|Any CPU.Build.0 = Debug|Any CPU
		{A73F011F-78A3-451D-A676-44C2791936B9}.Release|Any CPU.ActiveCfg = Release|Any CPU
		{A73F011F-78A3-451D-A676-44C2791936B9}.Release|Any CPU.Build.0 = Release|Any CPU
	EndGlobalSection
	GlobalSection(SolutionProperties) = preSolution
		HideSolutionNode = FALSE
	EndGlobalSection
	GlobalSection(ExtensibilityGlobals) = postSolution
		SolutionGuid = {876ADF73-E7D4-4613-A48F-E76D8B0699C4}
	EndGlobalSection
EndGlobal
